
Microsoft Visual Studio Solution File, Format Version 12.00
# Visual Studio 15
VisualStudioVersion = 15.0.28307.1169
MinimumVisualStudioVersion = 10.0.40219.1
Project("{FAE04EC0-301F-11D3-BF4B-00C04F79EFBC}") = "Project", "Project\Project.csproj", "{57482717-E710-4DC3-9833-0054ACF98C76}"
EndProject
Global
	GlobalSection(SolutionConfigurationPlatforms) = preSolution
		Debug|x86 = Debug|x86
		Release|x86 = Release|x86
	EndGlobalSection
	GlobalSection(ProjectConfigurationPlatforms) = postSolution
		{57482717-E710-4DC3-9833-0054ACF98C76}.Debug|x86.ActiveCfg = Debug|x86
		{57482717-E710-4DC3-9833-0054ACF98C76}.Debug|x86.Build.0 = Debug|x86
		{57482717-E710-4DC3-9833-0054ACF98C76}.Release|x86.ActiveCfg = Release|x86
		{57482717-E710-4DC3-9833-0054ACF98C76}.Release|x86.Build.0 = Release|x86
	EndGlobalSection
	GlobalSection(SolutionProperties) = preSolution
		HideSolutionNode = FALSE
	EndGlobalSection
	GlobalSection(ExtensibilityGlobals) = postSolution
		SolutionGuid = {B7BE0A91-CDDF-4E78-B822-3BC4CDA32968}
	EndGlobalSection
EndGlobal
